
Microsoft Visual Studio Solution File, Format Version 12.00
# Visual Studio 15
VisualStudioVersion = 15.0.27703.2026
MinimumVisualStudioVersion = 10.0.40219.1
Project("{FAE04EC0-301F-11D3-BF4B-00C04F79EFBC}") = "TrustSDK", "TrustSDK\TrustSDK.csproj", "{D84E9715-3654-413C-B22C-3DB49E9A93FA}"
EndProject
Project("{FAE04EC0-301F-11D3-BF4B-00C04F79EFBC}") = "SampleApp.Android", "SampleApp\SampleApp.Android\SampleApp.Android.csproj", "{AAC8282C-56E9-4EE7-8414-D9E651908681}"
EndProject
Project("{FAE04EC0-301F-11D3-BF4B-00C04F79EFBC}") = "SampleApp.iOS", "SampleApp\SampleApp.iOS\SampleApp.iOS.csproj", "{1F484BB5-9579-4C84-A117-31ABCC3A9224}"
EndProject
Project("{FAE04EC0-301F-11D3-BF4B-00C04F79EFBC}") = "SampleApp", "SampleApp\SampleApp\SampleApp.csproj", "{67C8BC64-095D-44D1-89AB-49AD89C94989}"
EndProject
Global
	GlobalSection(SolutionConfigurationPlatforms) = preSolution
		Ad-Hoc|Any CPU = Ad-Hoc|Any CPU
		Ad-Hoc|iPhone = Ad-Hoc|iPhone
		Ad-Hoc|iPhoneSimulator = Ad-Hoc|iPhoneSimulator
		AppStore|Any CPU = AppStore|Any CPU
		AppStore|iPhone = AppStore|iPhone
		AppStore|iPhoneSimulator = AppStore|iPhoneSimulator
		Debug|Any CPU = Debug|Any CPU
		Debug|iPhone = Debug|iPhone
		Debug|iPhoneSimulator = Debug|iPhoneSimulator
		Release|Any CPU = Release|Any CPU
		Release|iPhone = Release|iPhone
		Release|iPhoneSimulator = Release|iPhoneSimulator
	EndGlobalSection
	GlobalSection(ProjectConfigurationPlatforms) = postSolution
		{D84E9715-3654-413C-B22C-3DB49E9A93FA}.Ad-Hoc|Any CPU.ActiveCfg = Debug|Any CPU
		{D84E9715-3654-413C-B22C-3DB49E9A93FA}.Ad-Hoc|Any CPU.Build.0 = Debug|Any CPU
		{D84E9715-3654-413C-B22C-3DB49E9A93FA}.Ad-Hoc|iPhone.ActiveCfg = Debug|Any CPU
		{D84E9715-3654-413C-B22C-3DB49E9A93FA}.Ad-Hoc|iPhone.Build.0 = Debug|Any CPU
		{D84E9715-3654-413C-B22C-3DB49E9A93FA}.Ad-Hoc|iPhoneSimulator.ActiveCfg = Debug|Any CPU
		{D84E9715-3654-413C-B22C-3DB49E9A93FA}.Ad-Hoc|iPhoneSimulator.Build.0 = Debug|Any CPU
		{D84E9715-3654-413C-B22C-3DB49E9A93FA}.AppStore|Any CPU.ActiveCfg = Debug|Any CPU
		{D84E9715-3654-413C-B22C-3DB49E9A93FA}.AppStore|Any CPU.Build.0 = Debug|Any CPU
		{D84E9715-3654-413C-B22C-3DB49E9A93FA}.AppStore|iPhone.ActiveCfg = Debug|Any CPU
		{D84E9715-3654-413C-B22C-3DB49E9A93FA}.AppStore|iPhone.Build.0 = Debug|Any CPU
		{D84E9715-3654-413C-B22C-3DB49E9A93FA}.AppStore|iPhoneSimulator.ActiveCfg = Debug|Any CPU
		{D84E9715-3654-413C-B22C-3DB49E9A93FA}.AppStore|iPhoneSimulator.Build.0 = Debug|Any CPU
		{D84E9715-3654-413C-B22C-3DB49E9A93FA}.Debug|Any CPU.ActiveCfg = Debug|Any CPU
		{D84E9715-3654-413C-B22C-3DB49E9A93FA}.Debug|Any CPU.Build.0 = Debug|Any CPU
		{D84E9715-3654-413C-B22C-3DB49E9A93FA}.Debug|iPhone.ActiveCfg = Debug|Any CPU
		{D84E9715-3654-413C-B22C-3DB49E9A93FA}.Debug|iPhone.Build.0 = Debug|Any CPU
		{D84E9715-3654-413C-B22C-3DB49E9A93FA}.Debug|iPhoneSimulator.ActiveCfg = Debug|Any CPU
		{D84E9715-3654-413C-B22C-3DB49E9A93FA}.Debug|iPhoneSimulator.Build.0 = Debug|Any CPU
		{D84E9715-3654-413C-B22C-3DB49E9A93FA}.Release|Any CPU.ActiveCfg = Release|Any CPU
		{D84E9715-3654-413C-B22C-3DB49E9A93FA}.Release|Any CPU.Build.0 = Release|Any CPU
		{D84E9715-3654-413C-B22C-3DB49E9A93FA}.Release|iPhone.ActiveCfg = Release|Any CPU
		{D84E9715-3654-413C-B22C-3DB49E9A93FA}.Release|iPhone.Build.0 = Release|Any CPU
		{D84E9715-3654-413C-B22C-3DB49E9A93FA}.Release|iPhoneSimulator.ActiveCfg = Release|Any CPU
		{D84E9715-3654-413C-B22C-3DB49E9A93FA}.Release|iPhoneSimulator.Build.0 = Release|Any CPU
		{AAC8282C-56E9-4EE7-8414-D9E651908681}.Ad-Hoc|Any CPU.ActiveCfg = Release|Any CPU
		{AAC8282C-56E9-4EE7-8414-D9E651908681}.Ad-Hoc|Any CPU.Build.0 = Release|Any CPU
		{AAC8282C-56E9-4EE7-8414-D9E651908681}.Ad-Hoc|Any CPU.Deploy.0 = Release|Any CPU
		{AAC8282C-56E9-4EE7-8414-D9E651908681}.Ad-Hoc|iPhone.ActiveCfg = Release|Any CPU
		{AAC8282C-56E9-4EE7-8414-D9E651908681}.Ad-Hoc|iPhone.Build.0 = Release|Any CPU
		{AAC8282C-56E9-4EE7-8414-D9E651908681}.Ad-Hoc|iPhone.Deploy.0 = Release|Any CPU
		{AAC8282C-56E9-4EE7-8414-D9E651908681}.Ad-Hoc|iPhoneSimulator.ActiveCfg = Release|Any CPU
		{AAC8282C-56E9-4EE7-8414-D9E651908681}.Ad-Hoc|iPhoneSimulator.Build.0 = Release|Any CPU
		{AAC8282C-56E9-4EE7-8414-D9E651908681}.Ad-Hoc|iPhoneSimulator.Deploy.0 = Release|Any CPU
		{AAC8282C-56E9-4EE7-8414-D9E651908681}.AppStore|Any CPU.ActiveCfg = Release|Any CPU
		{AAC8282C-56E9-4EE7-8414-D9E651908681}.AppStore|Any CPU.Build.0 = Release|Any CPU
		{AAC8282C-56E9-4EE7-8414-D9E651908681}.AppStore|Any CPU.Deploy.0 = Release|Any CPU
		{AAC8282C-56E9-4EE7-8414-D9E651908681}.AppStore|iPhone.ActiveCfg = Release|Any CPU
		{AAC8282C-56E9-4EE7-8414-D9E651908681}.AppStore|iPhone.Build.0 = Release|Any CPU
		{AAC8282C-56E9-4EE7-8414-D9E651908681}.AppStore|iPhone.Deploy.0 = Release|Any CPU
		{AAC8282C-56E9-4EE7-8414-D9E651908681}.AppStore|iPhoneSimulator.ActiveCfg = Release|Any CPU
		{AAC8282C-56E9-4EE7-8414-D9E651908681}.AppStore|iPhoneSimulator.Build.0 = Release|Any CPU
		{AAC8282C-56E9-4EE7-8414-D9E651908681}.AppStore|iPhoneSimulator.Deploy.0 = Release|Any CPU
		{AAC8282C-56E9-4EE7-8414-D9E651908681}.Debug|Any CPU.ActiveCfg = Debug|Any CPU
		{AAC8282C-56E9-4EE7-8414-D9E651908681}.Debug|Any CPU.Build.0 = Debug|Any CPU
		{AAC8282C-56E9-4EE7-8414-D9E651908681}.Debug|Any CPU.Deploy.0 = Debug|Any CPU
		{AAC8282C-56E9-4EE7-8414-D9E651908681}.Debug|iPhone.ActiveCfg = Debug|Any CPU
		{AAC8282C-56E9-4EE7-8414-D9E651908681}.Debug|iPhone.Build.0 = Debug|Any CPU
		{AAC8282C-56E9-4EE7-8414-D9E651908681}.Debug|iPhone.Deploy.0 = Debug|Any CPU
		{AAC8282C-56E9-4EE7-8414-D9E651908681}.Debug|iPhoneSimulator.ActiveCfg = Debug|Any CPU
		{AAC8282C-56E9-4EE7-8414-D9E651908681}.Debug|iPhoneSimulator.Build.0 = Debug|Any CPU
		{AAC8282C-56E9-4EE7-8414-D9E651908681}.Debug|iPhoneSimulator.Deploy.0 = Debug|Any CPU
		{AAC8282C-56E9-4EE7-8414-D9E651908681}.Release|Any CPU.ActiveCfg = Release|Any CPU
		{AAC8282C-56E9-4EE7-8414-D9E651908681}.Release|Any CPU.Build.0 = Release|Any CPU
		{AAC8282C-56E9-4EE7-8414-D9E651908681}.Release|Any CPU.Deploy.0 = Release|Any CPU
		{AAC8282C-56E9-4EE7-8414-D9E651908681}.Release|iPhone.ActiveCfg = Release|Any CPU
		{AAC8282C-56E9-4EE7-8414-D9E651908681}.Release|iPhone.Build.0 = Release|Any CPU
		{AAC8282C-56E9-4EE7-8414-D9E651908681}.Release|iPhone.Deploy.0 = Release|Any CPU
		{AAC8282C-56E9-4EE7-8414-D9E651908681}.Release|iPhoneSimulator.ActiveCfg = Release|Any CPU
		{AAC8282C-56E9-4EE7-8414-D9E651908681}.Release|iPhoneSimulator.Build.0 = Release|Any CPU
		{AAC8282C-56E9-4EE7-8414-D9E651908681}.Release|iPhoneSimulator.Deploy.0 = Release|Any CPU
		{1F484BB5-9579-4C84-A117-31ABCC3A9224}.Ad-Hoc|Any CPU.ActiveCfg = Ad-Hoc|iPhone
		{1F484BB5-9579-4C84-A117-31ABCC3A9224}.Ad-Hoc|iPhone.ActiveCfg = Ad-Hoc|iPhone
		{1F484BB5-9579-4C84-A117-31ABCC3A9224}.Ad-Hoc|iPhone.Build.0 = Ad-Hoc|iPhone
		{1F484BB5-9579-4C84-A117-31ABCC3A9224}.Ad-Hoc|iPhoneSimulator.ActiveCfg = Ad-Hoc|iPhoneSimulator
		{1F484BB5-9579-4C84-A117-31ABCC3A9224}.Ad-Hoc|iPhoneSimulator.Build.0 = Ad-Hoc|iPhoneSimulator
		{1F484BB5-9579-4C84-A117-31ABCC3A9224}.AppStore|Any CPU.ActiveCfg = AppStore|iPhone
		{1F484BB5-9579-4C84-A117-31ABCC3A9224}.AppStore|iPhone.ActiveCfg = AppStore|iPhone
		{1F484BB5-9579-4C84-A117-31ABCC3A9224}.AppStore|iPhone.Build.0 = AppStore|iPhone
		{1F484BB5-9579-4C84-A117-31ABCC3A9224}.AppStore|iPhoneSimulator.ActiveCfg = AppStore|iPhoneSimulator
		{1F484BB5-9579-4C84-A117-31ABCC3A9224}.AppStore|iPhoneSimulator.Build.0 = AppStore|iPhoneSimulator
		{1F484BB5-9579-4C84-A117-31ABCC3A9224}.Debug|Any CPU.ActiveCfg = Debug|iPhone
		{1F484BB5-9579-4C84-A117-31ABCC3A9224}.Debug|iPhone.ActiveCfg = Debug|iPhone
		{1F484BB5-9579-4C84-A117-31ABCC3A9224}.Debug|iPhone.Build.0 = Debug|iPhone
		{1F484BB5-9579-4C84-A117-31ABCC3A9224}.Debug|iPhoneSimulator.ActiveCfg = Debug|iPhoneSimulator
		{1F484BB5-9579-4C84-A117-31ABCC3A9224}.Debug|iPhoneSimulator.Build.0 = Debug|iPhoneSimulator
		{1F484BB5-9579-4C84-A117-31ABCC3A9224}.Release|Any CPU.ActiveCfg = Release|iPhone
		{1F484BB5-9579-4C84-A117-31ABCC3A9224}.Release|iPhone.ActiveCfg = Release|iPhone
		{1F484BB5-9579-4C84-A117-31ABCC3A9224}.Release|iPhone.Build.0 = Release|iPhone
		{1F484BB5-9579-4C84-A117-31ABCC3A9224}.Release|iPhoneSimulator.ActiveCfg = Release|iPhoneSimulator
		{1F484BB5-9579-4C84-A117-31ABCC3A9224}.Release|iPhoneSimulator.Build.0 = Release|iPhoneSimulator
		{67C8BC64-095D-44D1-89AB-49AD89C94989}.Ad-Hoc|Any CPU.ActiveCfg = Debug|Any CPU
		{67C8BC64-095D-44D1-89AB-49AD89C94989}.Ad-Hoc|Any CPU.Build.0 = Debug|Any CPU
		{67C8BC64-095D-44D1-89AB-49AD89C94989}.Ad-Hoc|iPhone.ActiveCfg = Debug|Any CPU
		{67C8BC64-095D-44D1-89AB-49AD89C94989}.Ad-Hoc|iPhone.Build.0 = Debug|Any CPU
		{67C8BC64-095D-44D1-89AB-49AD89C94989}.Ad-Hoc|iPhoneSimulator.ActiveCfg = Debug|Any CPU
		{67C8BC64-095D-44D1-89AB-49AD89C94989}.Ad-Hoc|iPhoneSimulator.Build.0 = Debug|Any CPU
		{67C8BC64-095D-44D1-89AB-49AD89C94989}.AppStore|Any CPU.ActiveCfg = Debug|Any CPU
		{67C8BC64-095D-44D1-89AB-49AD89C94989}.AppStore|Any CPU.Build.0 = Debug|Any CPU
		{67C8BC64-095D-44D1-89AB-49AD89C94989}.AppStore|iPhone.ActiveCfg = Debug|Any CPU
		{67C8BC64-095D-44D1-89AB-49AD89C94989}.AppStore|iPhone.Build.0 = Debug|Any CPU
		{67C8BC64-095D-44D1-89AB-49AD89C94989}.AppStore|iPhoneSimulator.ActiveCfg = Debug|Any CPU
		{67C8BC64-095D-44D1-89AB-49AD89C94989}.AppStore|iPhoneSimulator.Build.0 = Debug|Any CPU
		{67C8BC64-095D-44D1-89AB-49AD89C94989}.Debug|Any CPU.ActiveCfg = Debug|Any CPU
		{67C8BC64-095D-44D1-89AB-49AD89C94989}.Debug|Any CPU.Build.0 = Debug|Any CPU
		{67C8BC64-095D-44D1-89AB-49AD89C94989}.Debug|iPhone.ActiveCfg = Debug|Any CPU
		{67C8BC64-095D-44D1-89AB-49AD89C94989}.Debug|iPhone.Build.0 = Debug|Any CPU
		{67C8BC64-095D-44D1-89AB-49AD89C94989}.Debug|iPhoneSimulator.ActiveCfg = Debug|Any CPU
		{67C8BC64-095D-44D1-89AB-49AD89C94989}.Debug|iPhoneSimulator.Build.0 = Debug|Any CPU
		{67C8BC64-095D-44D1-89AB-49AD89C94989}.Release|Any CPU.ActiveCfg = Release|Any CPU
		{67C8BC64-095D-44D1-89AB-49AD89C94989}.Release|Any CPU.Build.0 = Release|Any CPU
		{67C8BC64-095D-44D1-89AB-49AD89C94989}.Release|iPhone.ActiveCfg = Release|Any CPU
		{67C8BC64-095D-44D1-89AB-49AD89C94989}.Release|iPhone.Build.0 = Release|Any CPU
		{67C8BC64-095D-44D1-89AB-49AD89C94989}.Release|iPhoneSimulator.ActiveCfg = Release|Any CPU
		{67C8BC64-095D-44D1-89AB-49AD89C94989}.Release|iPhoneSimulator.Build.0 = Release|Any CPU
	EndGlobalSection
	GlobalSection(SolutionProperties) = preSolution
		HideSolutionNode = FALSE
	EndGlobalSection
	GlobalSection(ExtensibilityGlobals) = postSolution
		SolutionGuid = {E6368FB5-F8E8-4CAB-9492-E3A34A4035D3}
	EndGlobalSection
EndGlobal
